
Microsoft Visual Studio Solution File, Format Version 12.00
# Visual Studio Version 17
VisualStudioVersion = 17.12.35527.113
MinimumVisualStudioVersion = 10.0.40219.1
Project("{FAE04EC0-301F-11D3-BF4B-00C04F79EFBC}") = "SeasonalHomeDecorAPI", "SeasonalHomeDecorAPI\SeasonalHomeDecorAPI.csproj", "{5CFC025B-C046-42F0-B199-523261EB5D73}"
EndProject
Project("{FAE04EC0-301F-11D3-BF4B-00C04F79EFBC}") = "BusinessLogicLayer", "BusinessLogicLayer\BusinessLogicLayer.csproj", "{2D117D27-30C6-4FAD-815C-5816AF3F6648}"
EndProject
Project("{FAE04EC0-301F-11D3-BF4B-00C04F79EFBC}") = "DataAccessObject", "DataAccessLayer\DataAccessObject.csproj", "{01EEE438-9607-46DA-81F6-CCB4100C13AF}"
EndProject
Project("{FAE04EC0-301F-11D3-BF4B-00C04F79EFBC}") = "Repository", "Repository\Repository.csproj", "{D0DACA56-B918-4CCF-9399-A166B034C6C5}"
EndProject
Global
	GlobalSection(SolutionConfigurationPlatforms) = preSolution
		Debug|Any CPU = Debug|Any CPU
		Release|Any CPU = Release|Any CPU
	EndGlobalSection
	GlobalSection(ProjectConfigurationPlatforms) = postSolution
		{5CFC025B-C046-42F0-B199-523261EB5D73}.Debug|Any CPU.ActiveCfg = Debug|Any CPU
		{5CFC025B-C046-42F0-B199-523261EB5D73}.Debug|Any CPU.Build.0 = Debug|Any CPU
		{5CFC025B-C046-42F0-B199-523261EB5D73}.Release|Any CPU.ActiveCfg = Release|Any CPU
		{5CFC025B-C046-42F0-B199-523261EB5D73}.Release|Any CPU.Build.0 = Release|Any CPU
		{2D117D27-30C6-4FAD-815C-5816AF3F6648}.Debug|Any CPU.ActiveCfg = Debug|Any CPU
		{2D117D27-30C6-4FAD-815C-5816AF3F6648}.Debug|Any CPU.Build.0 = Debug|Any CPU
		{2D117D27-30C6-4FAD-815C-5816AF3F6648}.Release|Any CPU.ActiveCfg = Release|Any CPU
		{2D117D27-30C6-4FAD-815C-5816AF3F6648}.Release|Any CPU.Build.0 = Release|Any CPU
		{01EEE438-9607-46DA-81F6-CCB4100C13AF}.Debug|Any CPU.ActiveCfg = Debug|Any CPU
		{01EEE438-9607-46DA-81F6-CCB4100C13AF}.Debug|Any CPU.Build.0 = Debug|Any CPU
		{01EEE438-9607-46DA-81F6-CCB4100C13AF}.Release|Any CPU.ActiveCfg = Release|Any CPU
		{01EEE438-9607-46DA-81F6-CCB4100C13AF}.Release|Any CPU.Build.0 = Release|Any CPU
		{D0DACA56-B918-4CCF-9399-A166B034C6C5}.Debug|Any CPU.ActiveCfg = Debug|Any CPU
		{D0DACA56-B918-4CCF-9399-A166B034C6C5}.Debug|Any CPU.Build.0 = Debug|Any CPU
		{D0DACA56-B918-4CCF-9399-A166B034C6C5}.Release|Any CPU.ActiveCfg = Release|Any CPU
		{D0DACA56-B918-4CCF-9399-A166B034C6C5}.Release|Any CPU.Build.0 = Release|Any CPU
	EndGlobalSection
	GlobalSection(SolutionProperties) = preSolution
		HideSolutionNode = FALSE
	EndGlobalSection
EndGlobal
